
Microsoft Visual Studio Solution File, Format Version 12.00
# Visual Studio 15
VisualStudioVersion = 15.0.28010.2016
MinimumVisualStudioVersion = 10.0.40219.1
Project("{FAE04EC0-301F-11D3-BF4B-00C04F79EFBC}") = "BiologyAssignmentDiversity", "BiologyAssignmentDiversity\BiologyAssignmentDiversity.csproj", "{7FFBE49F-584D-48D3-84F5-C72D5A97A375}"
EndProject
Global
	GlobalSection(SolutionConfigurationPlatforms) = preSolution
		Debug|Any CPU = Debug|Any CPU
		Release|Any CPU = Release|Any CPU
	EndGlobalSection
	GlobalSection(ProjectConfigurationPlatforms) = postSolution
		{7FFBE49F-584D-48D3-84F5-C72D5A97A375}.Debug|Any CPU.ActiveCfg = Debug|Any CPU
		{7FFBE49F-584D-48D3-84F5-C72D5A97A375}.Debug|Any CPU.Build.0 = Debug|Any CPU
		{7FFBE49F-584D-48D3-84F5-C72D5A97A375}.Release|Any CPU.ActiveCfg = Release|Any CPU
		{7FFBE49F-584D-48D3-84F5-C72D5A97A375}.Release|Any CPU.Build.0 = Release|Any CPU
	EndGlobalSection
	GlobalSection(SolutionProperties) = preSolution
		HideSolutionNode = FALSE
	EndGlobalSection
	GlobalSection(ExtensibilityGlobals) = postSolution
		SolutionGuid = {B7F5014D-8B5D-4B93-B8DF-7720CF2D6495}
	EndGlobalSection
EndGlobal
